// !$*UTF8*$!
{
	archiveVersion = 1;
	classes = {
	};
	objectVersion = 50;
	objects = {

/* Begin PBXBuildFile section */
		3C344582237F47430060D8FE /* take_photo.swift in Sources */ = {isa = PBXBuildFile; fileRef = 3C344581237F47430060D8FE /* take_photo.swift */; };
		3CB1E107236FCD1900988CDB /* AppDelegate.swift in Sources */ = {isa = PBXBuildFile; fileRef = 3CB1E106236FCD1900988CDB /* AppDelegate.swift */; };
		3CB1E109236FCD1900988CDB /* SceneDelegate.swift in Sources */ = {isa = PBXBuildFile; fileRef = 3CB1E108236FCD1900988CDB /* SceneDelegate.swift */; };
		3CB1E10B236FCD1900988CDB /* ViewController.swift in Sources */ = {isa = PBXBuildFile; fileRef = 3CB1E10A236FCD1900988CDB /* ViewController.swift */; };
		3CB1E10E236FCD1900988CDB /* Main.storyboard in Resources */ = {isa = PBXBuildFile; fileRef = 3CB1E10C236FCD1900988CDB /* Main.storyboard */; };
		3CB1E110236FCD1A00988CDB /* Assets.xcassets in Resources */ = {isa = PBXBuildFile; fileRef = 3CB1E10F236FCD1A00988CDB /* Assets.xcassets */; };
		3CB1E113236FCD1A00988CDB /* LaunchScreen.storyboard in Resources */ = {isa = PBXBuildFile; fileRef = 3CB1E111236FCD1A00988CDB /* LaunchScreen.storyboard */; };
/* End PBXBuildFile section */

/* Begin PBXFileReference section */
		3C344581237F47430060D8FE /* take_photo.swift */ = {isa = PBXFileReference; lastKnownFileType = sourcecode.swift; path = take_photo.swift; sourceTree = "<group>"; };
		3CB1E103236FCD1900988CDB /* CoinCounter.app */ = {isa = PBXFileReference; explicitFileType = wrapper.application; includeInIndex = 0; path = CoinCounter.app; sourceTree = BUILT_PRODUCTS_DIR; };
		3CB1E106236FCD1900988CDB /* AppDelegate.swift */ = {isa = PBXFileReference; lastKnownFileType = sourcecode.swift; path = AppDelegate.swift; sourceTree = "<group>"; };
		3CB1E108236FCD1900988CDB /* SceneDelegate.swift */ = {isa = PBXFileReference; lastKnownFileType = sourcecode.swift; path = SceneDelegate.swift; sourceTree = "<group>"; };
		3CB1E10A236FCD1900988CDB /* ViewController.swift */ = {isa = PBXFileReference; lastKnownFileType = sourcecode.swift; path = ViewController.swift; sourceTree = "<group>"; };
		3CB1E10D236FCD1900988CDB /* Base */ = {isa = PBXFileReference; lastKnownFileType = file.storyboard; name = Base; path = Base.lproj/Main.storyboard; sourceTree = "<group>"; };
		3CB1E10F236FCD1A00988CDB /* Assets.xcassets */ = {isa = PBXFileReference; lastKnownFileType = folder.assetcatalog; path = Assets.xcassets; sourceTree = "<group>"; };
		3CB1E112236FCD1A00988CDB /* Base */ = {isa = PBXFileReference; lastKnownFileType = file.storyboard; name = Base; path = Base.lproj/LaunchScreen.storyboard; sourceTree = "<group>"; };
		3CB1E114236FCD1A00988CDB /* Info.plist */ = {isa = PBXFileReference; lastKnownFileType = text.plist.xml; path = Info.plist; sourceTree = "<group>"; };
/* End PBXFileReference section */

/* Begin PBXFrameworksBuildPhase section */
		3CB1E100236FCD1900988CDB /* Frameworks */ = {
			isa = PBXFrameworksBuildPhase;
			buildActionMask = 2147483647;
			files = (
			);
			runOnlyForDeploymentPostprocessing = 0;
		};
/* End PBXFrameworksBuildPhase section */

/* Begin PBXGroup section */
		3CB1E0FA236FCD1900988CDB = {
			isa = PBXGroup;
			children = (
				3CB1E105236FCD1900988CDB /* CoinCounter */,
				3CB1E104236FCD1900988CDB /* Products */,
			);
			sourceTree = "<group>";
		};
		3CB1E104236FCD1900988CDB /* Products */ = {
			isa = PBXGroup;
			children = (
				3CB1E103236FCD1900988CDB /* CoinCounter.app */,
			);
			name = Products;
			sourceTree = "<group>";
		};
		3CB1E105236FCD1900988CDB /* CoinCounter */ = {
			isa = PBXGroup;
			children = (
				3CB1E106236FCD1900988CDB /* AppDelegate.swift */,
				3CB1E108236FCD1900988CDB /* SceneDelegate.swift */,
				3CB1E10A236FCD1900988CDB /* ViewController.swift */,
				3C344581237F47430060D8FE /* take_photo.swift */,
				3CB1E10C236FCD1900988CDB /* Main.storyboard */,
				3CB1E10F236FCD1A00988CDB /* Assets.xcassets */,
				3CB1E111236FCD1A00988CDB /* LaunchScreen.storyboard */,
				3CB1E114236FCD1A00988CDB /* Info.plist */,
			);
			path = CoinCounter;
			sourceTree = "<group>";
		};
/* End PBXGroup section */

/* Begin PBXNativeTarget section */
		3CB1E102236FCD1900988CDB /* CoinCounter */ = {
			isa = PBXNativeTarget;
			buildConfigurationList = 3CB1E117236FCD1A00988CDB /* Build configuration list for PBXNativeTarget "CoinCounter" */;
			buildPhases = (
				3CB1E0FF236FCD1900988CDB /* Sources */,
				3CB1E100236FCD1900988CDB /* Frameworks */,
				3CB1E101236FCD1900988CDB /* Resources */,
			);
			buildRules = (
			);
			dependencies = (
			);
			name = CoinCounter;
			productName = CoinCounter;
			productReference = 3CB1E103236FCD1900988CDB /* CoinCounter.app */;
			productType = "com.apple.product-type.application";
		};
/* End PBXNativeTarget section */

/* Begin PBXProject section */
		3CB1E0FB236FCD1900988CDB /* Project object */ = {
			isa = PBXProject;
			attributes = {
				LastSwiftUpdateCheck = 1110;
				LastUpgradeCheck = 1110;
				ORGANIZATIONNAME = "Beka Admasu";
				TargetAttributes = {
					3CB1E102236FCD1900988CDB = {
						CreatedOnToolsVersion = 11.1;
					};
				};
			};
			buildConfigurationList = 3CB1E0FE236FCD1900988CDB /* Build configuration list for PBXProject "CoinCounter" */;
			compatibilityVersion = "Xcode 9.3";
			developmentRegion = en;
			hasScannedForEncodings = 0;
			knownRegions = (
				en,
				Base,
			);
			mainGroup = 3CB1E0FA236FCD1900988CDB;
			productRefGroup = 3CB1E104236FCD1900988CDB /* Products */;
			projectDirPath = "";
			projectRoot = "";
			targets = (
				3CB1E102236FCD1900988CDB /* CoinCounter */,
			);
		};
/* End PBXProject section */

/* Begin PBXResourcesBuildPhase section */
		3CB1E101236FCD1900988CDB /* Resources */ = {
			isa = PBXResourcesBuildPhase;
			buildActionMask = 2147483647;
			files = (
				3CB1E113236FCD1A00988CDB /* LaunchScreen.storyboard in Resources */,
				3CB1E110236FCD1A00988CDB /* Assets.xcassets in Resources */,
				3CB1E10E236FCD1900988CDB /* Main.storyboard in Resources */,
			);
			runOnlyForDeploymentPostprocessing = 0;
		};
/* End PBXResourcesBuildPhase section */

/* Begin PBXSourcesBuildPhase section */
		3CB1E0FF236FCD1900988CDB /* Sources */ = {
			isa = PBXSourcesBuildPhase;
			buildActionMask = 2147483647;
			files = (
				3CB1E10B236FCD1900988CDB /* ViewController.swift in Sources */,
				3C344582237F47430060D8FE /* take_photo.swift in Sources */,
				3CB1E107236FCD1900988CDB /* AppDelegate.swift in Sources */,
				3CB1E109236FCD1900988CDB /* SceneDelegate.swift in Sources */,
			);
			runOnlyForDeploymentPostprocessing = 0;
		};
/* End PBXSourcesBuildPhase section */

/* Begin PBXVariantGroup section */
		3CB1E10C236FCD1900988CDB /* Main.storyboard */ = {
			isa = PBXVariantGroup;
			children = (
				3CB1E10D236FCD1900988CDB /* Base */,
			);
			name = Main.storyboard;
			sourceTree = "<group>";
		};
		3CB1E111236FCD1A00988CDB /* LaunchScreen.storyboard */ = {
			isa = PBXVariantGroup;
			children = (
				3CB1E112236FCD1A00988CDB /* Base */,
			);
			name = LaunchScreen.storyboard;
			sourceTree = "<group>";
		};
/* End PBXVariantGroup section */

/* Begin XCBuildConfiguration section */
		3CB1E115236FCD1A00988CDB /* Debug */ = {
			isa = XCBuildConfiguration;
			buildSettings = {
				ALWAYS_SEARCH_USER_PATHS = NO;
				CLANG_ANALYZER_NONNULL = YES;
				CLANG_ANALYZER_NUMBER_OBJECT_CONVERSION = YES_AGGRESSIVE;
				CLANG_CXX_LANGUAGE_STANDARD = "gnu++14";
				CLANG_CXX_LIBRARY = "libc++";
				CLANG_ENABLE_MODULES = YES;
				CLANG_ENABLE_OBJC_ARC = YES;
				CLANG_ENABLE_OBJC_WEAK = YES;
				CLANG_WARN_BLOCK_CAPTURE_AUTORELEASING = YES;
				CLANG_WARN_BOOL_CONVERSION = YES;
				CLANG_WARN_COMMA = YES;
				CLANG_WARN_CONSTANT_CONVERSION = YES;
				CLANG_WARN_DEPRECATED_OBJC_IMPLEMENTATIONS = YES;
				CLANG_WARN_DIRECT_OBJC_ISA_USAGE = YES_ERROR;
				CLANG_WARN_DOCUMENTATION_COMMENTS = YES;
				CLANG_WARN_EMPTY_BODY = YES;
				CLANG_WARN_ENUM_CONVERSION = YES;
				CLANG_WARN_INFINITE_RECURSION = YES;
				CLANG_WARN_INT_CONVERSION = YES;
				CLANG_WARN_NON_LITERAL_NULL_CONVERSION = YES;
				CLANG_WARN_OBJC_IMPLICIT_RETAIN_SELF = YES;
				CLANG_WARN_OBJC_LITERAL_CONVERSION = YES;
				CLANG_WARN_OBJC_ROOT_CLASS = YES_ERROR;
				CLANG_WARN_RANGE_LOOP_ANALYSIS = YES;
				CLANG_WARN_STRICT_PROTOTYPES = YES;
				CLANG_WARN_SUSPICIOUS_MOVE = YES;
				CLANG_WARN_UNGUARDED_AVAILABILITY = YES_AGGRESSIVE;
				CLANG_WARN_UNREACHABLE_CODE = YES;
				CLANG_WARN__DUPLICATE_METHOD_MATCH = YES;
				COPY_PHASE_STRIP = NO;
				DEBUG_INFORMATION_FORMAT = dwarf;
				ENABLE_STRICT_OBJC_MSGSEND = YES;
				ENABLE_TESTABILITY = YES;
				GCC_C_LANGUAGE_STANDARD = gnu11;
				GCC_DYNAMIC_NO_PIC = NO;
				GCC_NO_COMMON_BLOCKS = YES;
				GCC_OPTIMIZATION_LEVEL = 0;
				GCC_PREPROCESSOR_DEFINITIONS = (
					"DEBUG=1",
					"$(inherited)",
				);
				GCC_WARN_64_TO_32_BIT_CONVERSION = YES;
				GCC_WARN_ABOUT_RETURN_TYPE = YES_ERROR;
				GCC_WARN_UNDECLARED_SELECTOR = YES;
				GCC_WARN_UNINITIALIZED_AUTOS = YES_AGGRESSIVE;
				GCC_WARN_UNUSED_FUNCTION = YES;
				GCC_WARN_UNUSED_VARIABLE = YES;
				IPHONEOS_DEPLOYMENT_TARGET = 13.1;
				MTL_ENABLE_DEBUG_INFO = INCLUDE_SOURCE;
				MTL_FAST_MATH = YES;
				ONLY_ACTIVE_ARCH = YES;
				SDKROOT = iphoneos;
				SWIFT_ACTIVE_COMPILATION_CONDITIONS = DEBUG;
				SWIFT_OPTIMIZATION_LEVEL = "-Onone";
			};
			name = Debug;
		};
		3CB1E116236FCD1A00988CDB /* Release */ = {
			isa = XCBuildConfiguration;
			buildSettings = {
				ALWAYS_SEARCH_USER_PATHS = NO;
				CLANG_ANALYZER_NONNULL = YES;
				CLANG_ANALYZER_NUMBER_OBJECT_CONVERSION = YES_AGGRESSIVE;
				CLANG_CXX_LANGUAGE_STANDARD = "gnu++14";
				CLANG_CXX_LIBRARY = "libc++";
				CLANG_ENABLE_MODULES = YES;
				CLANG_ENABLE_OBJC_ARC = YES;
				CLANG_ENABLE_OBJC_WEAK = YES;
				CLANG_WARN_BLOCK_CAPTURE_AUTORELEASING = YES;
				CLANG_WARN_BOOL_CONVERSION = YES;
				CLANG_WARN_COMMA = YES;
				CLANG_WARN_CONSTANT_CONVERSION = YES;
				CLANG_WARN_DEPRECATED_OBJC_IMPLEMENTATIONS = YES;
				CLANG_WARN_DIRECT_OBJC_ISA_USAGE = YES_ERROR;
				CLANG_WARN_DOCUMENTATION_COMMENTS = YES;
				CLANG_WARN_EMPTY_BODY = YES;
				CLANG_WARN_ENUM_CONVERSION = YES;
				CLANG_WARN_INFINITE_RECURSION = YES;
				CLANG_WARN_INT_CONVERSION = YES;
				CLANG_WARN_NON_LITERAL_NULL_CONVERSION = YES;
				CLANG_WARN_OBJC_IMPLICIT_RETAIN_SELF = YES;
				CLANG_WARN_OBJC_LITERAL_CONVERSION = YES;
				CLANG_WARN_OBJC_ROOT_CLASS = YES_ERROR;
				CLANG_WARN_RANGE_LOOP_ANALYSIS = YES;
				CLANG_WARN_STRICT_PROTOTYPES = YES;
				CLANG_WARN_SUSPICIOUS_MOVE = YES;
				CLANG_WARN_UNGUARDED_AVAILABILITY = YES_AGGRESSIVE;
				CLANG_WARN_UNREACHABLE_CODE = YES;
				CLANG_WARN__DUPLICATE_METHOD_MATCH = YES;
				COPY_PHASE_STRIP = NO;
				DEBUG_INFORMATION_FORMAT = "dwarf-with-dsym";
				ENABLE_NS_ASSERTIONS = NO;
				ENABLE_STRICT_OBJC_MSGSEND = YES;
				GCC_C_LANGUAGE_STANDARD = gnu11;
				GCC_NO_COMMON_BLOCKS = YES;
				GCC_WARN_64_TO_32_BIT_CONVERSION = YES;
				GCC_WARN_ABOUT_RETURN_TYPE = YES_ERROR;
				GCC_WARN_UNDECLARED_SELECTOR = YES;
				GCC_WARN_UNINITIALIZED_AUTOS = YES_AGGRESSIVE;
				GCC_WARN_UNUSED_FUNCTION = YES;
				GCC_WARN_UNUSED_VARIABLE = YES;
				IPHONEOS_DEPLOYMENT_TARGET = 13.1;
				MTL_ENABLE_DEBUG_INFO = NO;
				MTL_FAST_MATH = YES;
				SDKROOT = iphoneos;
				SWIFT_COMPILATION_MODE = wholemodule;
				SWIFT_OPTIMIZATION_LEVEL = "-O";
				VALIDATE_PRODUCT = YES;
			};
			name = Release;
		};
		3CB1E118236FCD1A00988CDB /* Debug */ = {
			isa = XCBuildConfiguration;
			buildSettings = {
				ASSETCATALOG_COMPILER_APPICON_NAME = AppIcon;
				CODE_SIGN_IDENTITY = "Apple Development";
				CODE_SIGN_STYLE = Automatic;
				DEVELOPMENT_TEAM = GT7496S48W;
				INFOPLIST_FILE = CoinCounter/Info.plist;
				IPHONEOS_DEPLOYMENT_TARGET = 13.1;
				LD_RUNPATH_SEARCH_PATHS = (
					"$(inherited)",
					"@executable_path/Frameworks",
				);
				PRODUCT_BUNDLE_IDENTIFIER = com.Alazar.CoinCounter;
				PRODUCT_NAME = "$(TARGET_NAME)";
				PROVISIONING_PROFILE_SPECIFIER = "";
				SWIFT_VERSION = 5.0;
				TARGETED_DEVICE_FAMILY = "1,2";
			};
			name = Debug;
		};
		3CB1E119236FCD1A00988CDB /* Release */ = {
			isa = XCBuildConfiguration;
			buildSettings = {
				ASSETCATALOG_COMPILER_APPICON_NAME = AppIcon;
				CODE_SIGN_IDENTITY = "Apple Development";
				CODE_SIGN_STYLE = Automatic;
				DEVELOPMENT_TEAM = GT7496S48W;
				INFOPLIST_FILE = CoinCounter/Info.plist;
				IPHONEOS_DEPLOYMENT_TARGET = 13.1;
				LD_RUNPATH_SEARCH_PATHS = (
					"$(inherited)",
					"@executable_path/Frameworks",
				);
				PRODUCT_BUNDLE_IDENTIFIER = com.Alazar.CoinCounter;
				PRODUCT_NAME = "$(TARGET_NAME)";
				PROVISIONING_PROFILE_SPECIFIER = "";
				SWIFT_VERSION = 5.0;
				TARGETED_DEVICE_FAMILY = "1,2";
			};
			name = Release;
		};
/* End XCBuildConfiguration section */

/* Begin XCConfigurationList section */
		3CB1E0FE236FCD1900988CDB /* Build configuration list for PBXProject "CoinCounter" */ = {
			isa = XCConfigurationList;
			buildConfigurations = (
				3CB1E115236FCD1A00988CDB /* Debug */,
				3CB1E116236FCD1A00988CDB /* Release */,
			);
			defaultConfigurationIsVisible = 0;
			defaultConfigurationName = Release;
		};
		3CB1E117236FCD1A00988CDB /* Build configuration list for PBXNativeTarget "CoinCounter" */ = {
			isa = XCConfigurationList;
			buildConfigurations = (
				3CB1E118236FCD1A00988CDB /* Debug */,
				3CB1E119236FCD1A00988CDB /* Release */,
			);
			defaultConfigurationIsVisible = 0;
			defaultConfigurationName = Release;
		};
/* End XCConfigurationList section */
	};
	rootObject = 3CB1E0FB236FCD1900988CDB /* Project object */;
}
