// !$*UTF8*$!
{
	archiveVersion = 1;
	classes = {
	};
	objectVersion = 50;
	objects = {

/* Begin PBXBuildFile section */
		055748C3236AA0E8002B85CF /* atfantique in Resources */ = {isa = PBXBuildFile; fileRef = 055748C2236AA0E8002B85CF /* atfantique */; };
		058685512367C0CC002FBE26 /* AppDelegate.swift in Sources */ = {isa = PBXBuildFile; fileRef = 058685502367C0CC002FBE26 /* AppDelegate.swift */; };
		058685532367C0CC002FBE26 /* SceneDelegate.swift in Sources */ = {isa = PBXBuildFile; fileRef = 058685522367C0CC002FBE26 /* SceneDelegate.swift */; };
		058685552367C0CC002FBE26 /* ViewController.swift in Sources */ = {isa = PBXBuildFile; fileRef = 058685542367C0CC002FBE26 /* ViewController.swift */; };
		058685582367C0CC002FBE26 /* Main.storyboard in Resources */ = {isa = PBXBuildFile; fileRef = 058685562367C0CC002FBE26 /* Main.storyboard */; };
		0586855A2367C0CE002FBE26 /* Assets.xcassets in Resources */ = {isa = PBXBuildFile; fileRef = 058685592367C0CE002FBE26 /* Assets.xcassets */; };
		0586855D2367C0CE002FBE26 /* LaunchScreen.storyboard in Resources */ = {isa = PBXBuildFile; fileRef = 0586855B2367C0CE002FBE26 /* LaunchScreen.storyboard */; };
		058685682367C0CE002FBE26 /* Coin_CounterTests.swift in Sources */ = {isa = PBXBuildFile; fileRef = 058685672367C0CE002FBE26 /* Coin_CounterTests.swift */; };
		058685732367C0CE002FBE26 /* Coin_CounterUITests.swift in Sources */ = {isa = PBXBuildFile; fileRef = 058685722367C0CE002FBE26 /* Coin_CounterUITests.swift */; };
		05EE4E4A2367CE480092A47F /* Take_Photo.storyboard in Resources */ = {isa = PBXBuildFile; fileRef = 05EE4E492367CE480092A47F /* Take_Photo.storyboard */; };
		05EE4E4E2367D4B70092A47F /* Take_PhotoVC.swift in Sources */ = {isa = PBXBuildFile; fileRef = 05EE4E4D2367D4B70092A47F /* Take_PhotoVC.swift */; };
/* End PBXBuildFile section */

/* Begin PBXContainerItemProxy section */
		058685642367C0CE002FBE26 /* PBXContainerItemProxy */ = {
			isa = PBXContainerItemProxy;
			containerPortal = 058685452367C0CC002FBE26 /* Project object */;
			proxyType = 1;
			remoteGlobalIDString = 0586854C2367C0CC002FBE26;
			remoteInfo = "Coin Counter";
		};
		0586856F2367C0CE002FBE26 /* PBXContainerItemProxy */ = {
			isa = PBXContainerItemProxy;
			containerPortal = 058685452367C0CC002FBE26 /* Project object */;
			proxyType = 1;
			remoteGlobalIDString = 0586854C2367C0CC002FBE26;
			remoteInfo = "Coin Counter";
		};
/* End PBXContainerItemProxy section */

/* Begin PBXFileReference section */
		055748C2236AA0E8002B85CF /* atfantique */ = {isa = PBXFileReference; lastKnownFileType = folder; name = atfantique; path = ../../../../../Downloads/atfantique; sourceTree = "<group>"; };
		055748C5236AA0F2002B85CF /* atfantrg.ttf */ = {isa = PBXFileReference; lastKnownFileType = file; path = atfantrg.ttf; sourceTree = "<group>"; };
		055748C6236AA0F2002B85CF /* atfantbd.ttf */ = {isa = PBXFileReference; lastKnownFileType = file; path = atfantbd.ttf; sourceTree = "<group>"; };
		055748C7236AA0F2002B85CF /* atfantli.ttf */ = {isa = PBXFileReference; lastKnownFileType = file; path = atfantli.ttf; sourceTree = "<group>"; };
		055748C8236AA0F2002B85CF /* sharefonts.net.txt */ = {isa = PBXFileReference; lastKnownFileType = text; path = sharefonts.net.txt; sourceTree = "<group>"; };
		0586854D2367C0CC002FBE26 /* Coin Counter.app */ = {isa = PBXFileReference; explicitFileType = wrapper.application; includeInIndex = 0; path = "Coin Counter.app"; sourceTree = BUILT_PRODUCTS_DIR; };
		058685502367C0CC002FBE26 /* AppDelegate.swift */ = {isa = PBXFileReference; lastKnownFileType = sourcecode.swift; path = AppDelegate.swift; sourceTree = "<group>"; };
		058685522367C0CC002FBE26 /* SceneDelegate.swift */ = {isa = PBXFileReference; lastKnownFileType = sourcecode.swift; path = SceneDelegate.swift; sourceTree = "<group>"; };
		058685542367C0CC002FBE26 /* ViewController.swift */ = {isa = PBXFileReference; lastKnownFileType = sourcecode.swift; path = ViewController.swift; sourceTree = "<group>"; };
		058685572367C0CC002FBE26 /* Base */ = {isa = PBXFileReference; lastKnownFileType = file.storyboard; name = Base; path = Base.lproj/Main.storyboard; sourceTree = "<group>"; };
		058685592367C0CE002FBE26 /* Assets.xcassets */ = {isa = PBXFileReference; lastKnownFileType = folder.assetcatalog; path = Assets.xcassets; sourceTree = "<group>"; };
		0586855C2367C0CE002FBE26 /* Base */ = {isa = PBXFileReference; lastKnownFileType = file.storyboard; name = Base; path = Base.lproj/LaunchScreen.storyboard; sourceTree = "<group>"; };
		0586855E2367C0CE002FBE26 /* Info.plist */ = {isa = PBXFileReference; lastKnownFileType = text.plist.xml; path = Info.plist; sourceTree = "<group>"; };
		058685632367C0CE002FBE26 /* Coin CounterTests.xctest */ = {isa = PBXFileReference; explicitFileType = wrapper.cfbundle; includeInIndex = 0; path = "Coin CounterTests.xctest"; sourceTree = BUILT_PRODUCTS_DIR; };
		058685672367C0CE002FBE26 /* Coin_CounterTests.swift */ = {isa = PBXFileReference; lastKnownFileType = sourcecode.swift; path = Coin_CounterTests.swift; sourceTree = "<group>"; };
		058685692367C0CE002FBE26 /* Info.plist */ = {isa = PBXFileReference; lastKnownFileType = text.plist.xml; path = Info.plist; sourceTree = "<group>"; };
		0586856E2367C0CE002FBE26 /* Coin CounterUITests.xctest */ = {isa = PBXFileReference; explicitFileType = wrapper.cfbundle; includeInIndex = 0; path = "Coin CounterUITests.xctest"; sourceTree = BUILT_PRODUCTS_DIR; };
		058685722367C0CE002FBE26 /* Coin_CounterUITests.swift */ = {isa = PBXFileReference; lastKnownFileType = sourcecode.swift; path = Coin_CounterUITests.swift; sourceTree = "<group>"; };
		058685742367C0CE002FBE26 /* Info.plist */ = {isa = PBXFileReference; lastKnownFileType = text.plist.xml; path = Info.plist; sourceTree = "<group>"; };
		05EE4E492367CE480092A47F /* Take_Photo.storyboard */ = {isa = PBXFileReference; lastKnownFileType = file.storyboard; path = Take_Photo.storyboard; sourceTree = "<group>"; };
		05EE4E4D2367D4B70092A47F /* Take_PhotoVC.swift */ = {isa = PBXFileReference; lastKnownFileType = sourcecode.swift; path = Take_PhotoVC.swift; sourceTree = "<group>"; };
/* End PBXFileReference section */

/* Begin PBXFrameworksBuildPhase section */
		0586854A2367C0CC002FBE26 /* Frameworks */ = {
			isa = PBXFrameworksBuildPhase;
			buildActionMask = 2147483647;
			files = (
			);
			runOnlyForDeploymentPostprocessing = 0;
		};
		058685602367C0CE002FBE26 /* Frameworks */ = {
			isa = PBXFrameworksBuildPhase;
			buildActionMask = 2147483647;
			files = (
			);
			runOnlyForDeploymentPostprocessing = 0;
		};
		0586856B2367C0CE002FBE26 /* Frameworks */ = {
			isa = PBXFrameworksBuildPhase;
			buildActionMask = 2147483647;
			files = (
			);
			runOnlyForDeploymentPostprocessing = 0;
		};
/* End PBXFrameworksBuildPhase section */

/* Begin PBXGroup section */
		055748C4236AA0F2002B85CF /* atfantique */ = {
			isa = PBXGroup;
			children = (
				055748C5236AA0F2002B85CF /* atfantrg.ttf */,
				055748C6236AA0F2002B85CF /* atfantbd.ttf */,
				055748C7236AA0F2002B85CF /* atfantli.ttf */,
				055748C8236AA0F2002B85CF /* sharefonts.net.txt */,
			);
			path = atfantique;
			sourceTree = "<group>";
		};
		058685442367C0CC002FBE26 = {
			isa = PBXGroup;
			children = (
				0586854F2367C0CC002FBE26 /* Coin Counter */,
				058685662367C0CE002FBE26 /* Coin CounterTests */,
				058685712367C0CE002FBE26 /* Coin CounterUITests */,
				0586854E2367C0CC002FBE26 /* Products */,
			);
			sourceTree = "<group>";
		};
		0586854E2367C0CC002FBE26 /* Products */ = {
			isa = PBXGroup;
			children = (
				0586854D2367C0CC002FBE26 /* Coin Counter.app */,
				058685632367C0CE002FBE26 /* Coin CounterTests.xctest */,
				0586856E2367C0CE002FBE26 /* Coin CounterUITests.xctest */,
			);
			name = Products;
			sourceTree = "<group>";
		};
		0586854F2367C0CC002FBE26 /* Coin Counter */ = {
			isa = PBXGroup;
			children = (
				05EE4E482367CE030092A47F /* Storyboards */,
				058685502367C0CC002FBE26 /* AppDelegate.swift */,
				058685522367C0CC002FBE26 /* SceneDelegate.swift */,
				055748C4236AA0F2002B85CF /* atfantique */,
				058685592367C0CE002FBE26 /* Assets.xcassets */,
				058685542367C0CC002FBE26 /* ViewController.swift */,
				0586855E2367C0CE002FBE26 /* Info.plist */,
				05EE4E4D2367D4B70092A47F /* Take_PhotoVC.swift */,
			);
			path = "Coin Counter";
			sourceTree = "<group>";
		};
		058685662367C0CE002FBE26 /* Coin CounterTests */ = {
			isa = PBXGroup;
			children = (
				058685672367C0CE002FBE26 /* Coin_CounterTests.swift */,
				058685692367C0CE002FBE26 /* Info.plist */,
			);
			path = "Coin CounterTests";
			sourceTree = "<group>";
		};
		058685712367C0CE002FBE26 /* Coin CounterUITests */ = {
			isa = PBXGroup;
			children = (
				058685722367C0CE002FBE26 /* Coin_CounterUITests.swift */,
				058685742367C0CE002FBE26 /* Info.plist */,
			);
			path = "Coin CounterUITests";
			sourceTree = "<group>";
		};
		05EE4E482367CE030092A47F /* Storyboards */ = {
			isa = PBXGroup;
			children = (
				0586855B2367C0CE002FBE26 /* LaunchScreen.storyboard */,
				058685562367C0CC002FBE26 /* Main.storyboard */,
				055748C2236AA0E8002B85CF /* atfantique */,
				05EE4E492367CE480092A47F /* Take_Photo.storyboard */,
			);
			path = Storyboards;
			sourceTree = "<group>";
		};
/* End PBXGroup section */

/* Begin PBXNativeTarget section */
		0586854C2367C0CC002FBE26 /* Coin Counter */ = {
			isa = PBXNativeTarget;
			buildConfigurationList = 058685772367C0CE002FBE26 /* Build configuration list for PBXNativeTarget "Coin Counter" */;
			buildPhases = (
				058685492367C0CC002FBE26 /* Sources */,
				0586854A2367C0CC002FBE26 /* Frameworks */,
				0586854B2367C0CC002FBE26 /* Resources */,
			);
			buildRules = (
			);
			dependencies = (
			);
			name = "Coin Counter";
			productName = "Coin Counter";
			productReference = 0586854D2367C0CC002FBE26 /* Coin Counter.app */;
			productType = "com.apple.product-type.application";
		};
		058685622367C0CE002FBE26 /* Coin CounterTests */ = {
			isa = PBXNativeTarget;
			buildConfigurationList = 0586857A2367C0CE002FBE26 /* Build configuration list for PBXNativeTarget "Coin CounterTests" */;
			buildPhases = (
				0586855F2367C0CE002FBE26 /* Sources */,
				058685602367C0CE002FBE26 /* Frameworks */,
				058685612367C0CE002FBE26 /* Resources */,
			);
			buildRules = (
			);
			dependencies = (
				058685652367C0CE002FBE26 /* PBXTargetDependency */,
			);
			name = "Coin CounterTests";
			productName = "Coin CounterTests";
			productReference = 058685632367C0CE002FBE26 /* Coin CounterTests.xctest */;
			productType = "com.apple.product-type.bundle.unit-test";
		};
		0586856D2367C0CE002FBE26 /* Coin CounterUITests */ = {
			isa = PBXNativeTarget;
			buildConfigurationList = 0586857D2367C0CE002FBE26 /* Build configuration list for PBXNativeTarget "Coin CounterUITests" */;
			buildPhases = (
				0586856A2367C0CE002FBE26 /* Sources */,
				0586856B2367C0CE002FBE26 /* Frameworks */,
				0586856C2367C0CE002FBE26 /* Resources */,
			);
			buildRules = (
			);
			dependencies = (
				058685702367C0CE002FBE26 /* PBXTargetDependency */,
			);
			name = "Coin CounterUITests";
			productName = "Coin CounterUITests";
			productReference = 0586856E2367C0CE002FBE26 /* Coin CounterUITests.xctest */;
			productType = "com.apple.product-type.bundle.ui-testing";
		};
/* End PBXNativeTarget section */

/* Begin PBXProject section */
		058685452367C0CC002FBE26 /* Project object */ = {
			isa = PBXProject;
			attributes = {
				LastSwiftUpdateCheck = 1110;
				LastUpgradeCheck = 1110;
				ORGANIZATIONNAME = "Jaclyn Stickrod";
				TargetAttributes = {
					0586854C2367C0CC002FBE26 = {
						CreatedOnToolsVersion = 11.1;
					};
					058685622367C0CE002FBE26 = {
						CreatedOnToolsVersion = 11.1;
						TestTargetID = 0586854C2367C0CC002FBE26;
					};
					0586856D2367C0CE002FBE26 = {
						CreatedOnToolsVersion = 11.1;
						TestTargetID = 0586854C2367C0CC002FBE26;
					};
				};
			};
			buildConfigurationList = 058685482367C0CC002FBE26 /* Build configuration list for PBXProject "Coin Counter" */;
			compatibilityVersion = "Xcode 9.3";
			developmentRegion = en;
			hasScannedForEncodings = 0;
			knownRegions = (
				en,
				Base,
			);
			mainGroup = 058685442367C0CC002FBE26;
			productRefGroup = 0586854E2367C0CC002FBE26 /* Products */;
			projectDirPath = "";
			projectRoot = "";
			targets = (
				0586854C2367C0CC002FBE26 /* Coin Counter */,
				058685622367C0CE002FBE26 /* Coin CounterTests */,
				0586856D2367C0CE002FBE26 /* Coin CounterUITests */,
			);
		};
/* End PBXProject section */

/* Begin PBXResourcesBuildPhase section */
		0586854B2367C0CC002FBE26 /* Resources */ = {
			isa = PBXResourcesBuildPhase;
			buildActionMask = 2147483647;
			files = (
				0586855D2367C0CE002FBE26 /* LaunchScreen.storyboard in Resources */,
				0586855A2367C0CE002FBE26 /* Assets.xcassets in Resources */,
				05EE4E4A2367CE480092A47F /* Take_Photo.storyboard in Resources */,
				058685582367C0CC002FBE26 /* Main.storyboard in Resources */,
				055748C3236AA0E8002B85CF /* atfantique in Resources */,
			);
			runOnlyForDeploymentPostprocessing = 0;
		};
		058685612367C0CE002FBE26 /* Resources */ = {
			isa = PBXResourcesBuildPhase;
			buildActionMask = 2147483647;
			files = (
			);
			runOnlyForDeploymentPostprocessing = 0;
		};
		0586856C2367C0CE002FBE26 /* Resources */ = {
			isa = PBXResourcesBuildPhase;
			buildActionMask = 2147483647;
			files = (
			);
			runOnlyForDeploymentPostprocessing = 0;
		};
/* End PBXResourcesBuildPhase section */

/* Begin PBXSourcesBuildPhase section */
		058685492367C0CC002FBE26 /* Sources */ = {
			isa = PBXSourcesBuildPhase;
			buildActionMask = 2147483647;
			files = (
				05EE4E4E2367D4B70092A47F /* Take_PhotoVC.swift in Sources */,
				058685552367C0CC002FBE26 /* ViewController.swift in Sources */,
				058685512367C0CC002FBE26 /* AppDelegate.swift in Sources */,
				058685532367C0CC002FBE26 /* SceneDelegate.swift in Sources */,
			);
			runOnlyForDeploymentPostprocessing = 0;
		};
		0586855F2367C0CE002FBE26 /* Sources */ = {
			isa = PBXSourcesBuildPhase;
			buildActionMask = 2147483647;
			files = (
				058685682367C0CE002FBE26 /* Coin_CounterTests.swift in Sources */,
			);
			runOnlyForDeploymentPostprocessing = 0;
		};
		0586856A2367C0CE002FBE26 /* Sources */ = {
			isa = PBXSourcesBuildPhase;
			buildActionMask = 2147483647;
			files = (
				058685732367C0CE002FBE26 /* Coin_CounterUITests.swift in Sources */,
			);
			runOnlyForDeploymentPostprocessing = 0;
		};
/* End PBXSourcesBuildPhase section */

/* Begin PBXTargetDependency section */
		058685652367C0CE002FBE26 /* PBXTargetDependency */ = {
			isa = PBXTargetDependency;
			target = 0586854C2367C0CC002FBE26 /* Coin Counter */;
			targetProxy = 058685642367C0CE002FBE26 /* PBXContainerItemProxy */;
		};
		058685702367C0CE002FBE26 /* PBXTargetDependency */ = {
			isa = PBXTargetDependency;
			target = 0586854C2367C0CC002FBE26 /* Coin Counter */;
			targetProxy = 0586856F2367C0CE002FBE26 /* PBXContainerItemProxy */;
		};
/* End PBXTargetDependency section */

/* Begin PBXVariantGroup section */
		058685562367C0CC002FBE26 /* Main.storyboard */ = {
			isa = PBXVariantGroup;
			children = (
				058685572367C0CC002FBE26 /* Base */,
			);
			name = Main.storyboard;
			sourceTree = "<group>";
		};
		0586855B2367C0CE002FBE26 /* LaunchScreen.storyboard */ = {
			isa = PBXVariantGroup;
			children = (
				0586855C2367C0CE002FBE26 /* Base */,
			);
			name = LaunchScreen.storyboard;
			sourceTree = "<group>";
		};
/* End PBXVariantGroup section */

/* Begin XCBuildConfiguration section */
		058685752367C0CE002FBE26 /* Debug */ = {
			isa = XCBuildConfiguration;
			buildSettings = {
				ALWAYS_SEARCH_USER_PATHS = NO;
				CLANG_ANALYZER_NONNULL = YES;
				CLANG_ANALYZER_NUMBER_OBJECT_CONVERSION = YES_AGGRESSIVE;
				CLANG_CXX_LANGUAGE_STANDARD = "gnu++14";
				CLANG_CXX_LIBRARY = "libc++";
				CLANG_ENABLE_MODULES = YES;
				CLANG_ENABLE_OBJC_ARC = YES;
				CLANG_ENABLE_OBJC_WEAK = YES;
				CLANG_WARN_BLOCK_CAPTURE_AUTORELEASING = YES;
				CLANG_WARN_BOOL_CONVERSION = YES;
				CLANG_WARN_COMMA = YES;
				CLANG_WARN_CONSTANT_CONVERSION = YES;
				CLANG_WARN_DEPRECATED_OBJC_IMPLEMENTATIONS = YES;
				CLANG_WARN_DIRECT_OBJC_ISA_USAGE = YES_ERROR;
				CLANG_WARN_DOCUMENTATION_COMMENTS = YES;
				CLANG_WARN_EMPTY_BODY = YES;
				CLANG_WARN_ENUM_CONVERSION = YES;
				CLANG_WARN_INFINITE_RECURSION = YES;
				CLANG_WARN_INT_CONVERSION = YES;
				CLANG_WARN_NON_LITERAL_NULL_CONVERSION = YES;
				CLANG_WARN_OBJC_IMPLICIT_RETAIN_SELF = YES;
				CLANG_WARN_OBJC_LITERAL_CONVERSION = YES;
				CLANG_WARN_OBJC_ROOT_CLASS = YES_ERROR;
				CLANG_WARN_RANGE_LOOP_ANALYSIS = YES;
				CLANG_WARN_STRICT_PROTOTYPES = YES;
				CLANG_WARN_SUSPICIOUS_MOVE = YES;
				CLANG_WARN_UNGUARDED_AVAILABILITY = YES_AGGRESSIVE;
				CLANG_WARN_UNREACHABLE_CODE = YES;
				CLANG_WARN__DUPLICATE_METHOD_MATCH = YES;
				COPY_PHASE_STRIP = NO;
				DEBUG_INFORMATION_FORMAT = dwarf;
				ENABLE_STRICT_OBJC_MSGSEND = YES;
				ENABLE_TESTABILITY = YES;
				GCC_C_LANGUAGE_STANDARD = gnu11;
				GCC_DYNAMIC_NO_PIC = NO;
				GCC_NO_COMMON_BLOCKS = YES;
				GCC_OPTIMIZATION_LEVEL = 0;
				GCC_PREPROCESSOR_DEFINITIONS = (
					"DEBUG=1",
					"$(inherited)",
				);
				GCC_WARN_64_TO_32_BIT_CONVERSION = YES;
				GCC_WARN_ABOUT_RETURN_TYPE = YES_ERROR;
				GCC_WARN_UNDECLARED_SELECTOR = YES;
				GCC_WARN_UNINITIALIZED_AUTOS = YES_AGGRESSIVE;
				GCC_WARN_UNUSED_FUNCTION = YES;
				GCC_WARN_UNUSED_VARIABLE = YES;
				IPHONEOS_DEPLOYMENT_TARGET = 13.1;
				MTL_ENABLE_DEBUG_INFO = INCLUDE_SOURCE;
				MTL_FAST_MATH = YES;
				ONLY_ACTIVE_ARCH = YES;
				SDKROOT = iphoneos;
				SWIFT_ACTIVE_COMPILATION_CONDITIONS = DEBUG;
				SWIFT_OPTIMIZATION_LEVEL = "-Onone";
			};
			name = Debug;
		};
		058685762367C0CE002FBE26 /* Release */ = {
			isa = XCBuildConfiguration;
			buildSettings = {
				ALWAYS_SEARCH_USER_PATHS = NO;
				CLANG_ANALYZER_NONNULL = YES;
				CLANG_ANALYZER_NUMBER_OBJECT_CONVERSION = YES_AGGRESSIVE;
				CLANG_CXX_LANGUAGE_STANDARD = "gnu++14";
				CLANG_CXX_LIBRARY = "libc++";
				CLANG_ENABLE_MODULES = YES;
				CLANG_ENABLE_OBJC_ARC = YES;
				CLANG_ENABLE_OBJC_WEAK = YES;
				CLANG_WARN_BLOCK_CAPTURE_AUTORELEASING = YES;
				CLANG_WARN_BOOL_CONVERSION = YES;
				CLANG_WARN_COMMA = YES;
				CLANG_WARN_CONSTANT_CONVERSION = YES;
				CLANG_WARN_DEPRECATED_OBJC_IMPLEMENTATIONS = YES;
				CLANG_WARN_DIRECT_OBJC_ISA_USAGE = YES_ERROR;
				CLANG_WARN_DOCUMENTATION_COMMENTS = YES;
				CLANG_WARN_EMPTY_BODY = YES;
				CLANG_WARN_ENUM_CONVERSION = YES;
				CLANG_WARN_INFINITE_RECURSION = YES;
				CLANG_WARN_INT_CONVERSION = YES;
				CLANG_WARN_NON_LITERAL_NULL_CONVERSION = YES;
				CLANG_WARN_OBJC_IMPLICIT_RETAIN_SELF = YES;
				CLANG_WARN_OBJC_LITERAL_CONVERSION = YES;
				CLANG_WARN_OBJC_ROOT_CLASS = YES_ERROR;
				CLANG_WARN_RANGE_LOOP_ANALYSIS = YES;
				CLANG_WARN_STRICT_PROTOTYPES = YES;
				CLANG_WARN_SUSPICIOUS_MOVE = YES;
				CLANG_WARN_UNGUARDED_AVAILABILITY = YES_AGGRESSIVE;
				CLANG_WARN_UNREACHABLE_CODE = YES;
				CLANG_WARN__DUPLICATE_METHOD_MATCH = YES;
				COPY_PHASE_STRIP = NO;
				DEBUG_INFORMATION_FORMAT = "dwarf-with-dsym";
				ENABLE_NS_ASSERTIONS = NO;
				ENABLE_STRICT_OBJC_MSGSEND = YES;
				GCC_C_LANGUAGE_STANDARD = gnu11;
				GCC_NO_COMMON_BLOCKS = YES;
				GCC_WARN_64_TO_32_BIT_CONVERSION = YES;
				GCC_WARN_ABOUT_RETURN_TYPE = YES_ERROR;
				GCC_WARN_UNDECLARED_SELECTOR = YES;
				GCC_WARN_UNINITIALIZED_AUTOS = YES_AGGRESSIVE;
				GCC_WARN_UNUSED_FUNCTION = YES;
				GCC_WARN_UNUSED_VARIABLE = YES;
				IPHONEOS_DEPLOYMENT_TARGET = 13.1;
				MTL_ENABLE_DEBUG_INFO = NO;
				MTL_FAST_MATH = YES;
				SDKROOT = iphoneos;
				SWIFT_COMPILATION_MODE = wholemodule;
				SWIFT_OPTIMIZATION_LEVEL = "-O";
				VALIDATE_PRODUCT = YES;
			};
			name = Release;
		};
		058685782367C0CE002FBE26 /* Debug */ = {
			isa = XCBuildConfiguration;
			buildSettings = {
				ASSETCATALOG_COMPILER_APPICON_NAME = AppIcon;
				CODE_SIGN_STYLE = Automatic;
				DEVELOPMENT_TEAM = 46TL5T8A7W;
				INFOPLIST_FILE = "Coin Counter/Info.plist";
				LD_RUNPATH_SEARCH_PATHS = (
					"$(inherited)",
					"@executable_path/Frameworks",
				);
				PRODUCT_BUNDLE_IDENTIFIER = "com.jaclynstickrod.Coin-Counter";
				PRODUCT_NAME = "$(TARGET_NAME)";
				SWIFT_VERSION = 5.0;
				TARGETED_DEVICE_FAMILY = "1,2";
			};
			name = Debug;
		};
		058685792367C0CE002FBE26 /* Release */ = {
			isa = XCBuildConfiguration;
			buildSettings = {
				ASSETCATALOG_COMPILER_APPICON_NAME = AppIcon;
				CODE_SIGN_STYLE = Automatic;
				DEVELOPMENT_TEAM = 46TL5T8A7W;
				INFOPLIST_FILE = "Coin Counter/Info.plist";
				LD_RUNPATH_SEARCH_PATHS = (
					"$(inherited)",
					"@executable_path/Frameworks",
				);
				PRODUCT_BUNDLE_IDENTIFIER = "com.jaclynstickrod.Coin-Counter";
				PRODUCT_NAME = "$(TARGET_NAME)";
				SWIFT_VERSION = 5.0;
				TARGETED_DEVICE_FAMILY = "1,2";
			};
			name = Release;
		};
		0586857B2367C0CE002FBE26 /* Debug */ = {
			isa = XCBuildConfiguration;
			buildSettings = {
				ALWAYS_EMBED_SWIFT_STANDARD_LIBRARIES = YES;
				BUNDLE_LOADER = "$(TEST_HOST)";
				CODE_SIGN_STYLE = Automatic;
				DEVELOPMENT_TEAM = 46TL5T8A7W;
				INFOPLIST_FILE = "Coin CounterTests/Info.plist";
				IPHONEOS_DEPLOYMENT_TARGET = 13.1;
				LD_RUNPATH_SEARCH_PATHS = (
					"$(inherited)",
					"@executable_path/Frameworks",
					"@loader_path/Frameworks",
				);
				PRODUCT_BUNDLE_IDENTIFIER = "com.jaclynstickrod.Coin-CounterTests";
				PRODUCT_NAME = "$(TARGET_NAME)";
				SWIFT_VERSION = 5.0;
				TARGETED_DEVICE_FAMILY = "1,2";
				TEST_HOST = "$(BUILT_PRODUCTS_DIR)/Coin Counter.app/Coin Counter";
			};
			name = Debug;
		};
		0586857C2367C0CE002FBE26 /* Release */ = {
			isa = XCBuildConfiguration;
			buildSettings = {
				ALWAYS_EMBED_SWIFT_STANDARD_LIBRARIES = YES;
				BUNDLE_LOADER = "$(TEST_HOST)";
				CODE_SIGN_STYLE = Automatic;
				DEVELOPMENT_TEAM = 46TL5T8A7W;
				INFOPLIST_FILE = "Coin CounterTests/Info.plist";
				IPHONEOS_DEPLOYMENT_TARGET = 13.1;
				LD_RUNPATH_SEARCH_PATHS = (
					"$(inherited)",
					"@executable_path/Frameworks",
					"@loader_path/Frameworks",
				);
				PRODUCT_BUNDLE_IDENTIFIER = "com.jaclynstickrod.Coin-CounterTests";
				PRODUCT_NAME = "$(TARGET_NAME)";
				SWIFT_VERSION = 5.0;
				TARGETED_DEVICE_FAMILY = "1,2";
				TEST_HOST = "$(BUILT_PRODUCTS_DIR)/Coin Counter.app/Coin Counter";
			};
			name = Release;
		};
		0586857E2367C0CE002FBE26 /* Debug */ = {
			isa = XCBuildConfiguration;
			buildSettings = {
				ALWAYS_EMBED_SWIFT_STANDARD_LIBRARIES = YES;
				CODE_SIGN_STYLE = Automatic;
				DEVELOPMENT_TEAM = 46TL5T8A7W;
				INFOPLIST_FILE = "Coin CounterUITests/Info.plist";
				LD_RUNPATH_SEARCH_PATHS = (
					"$(inherited)",
					"@executable_path/Frameworks",
					"@loader_path/Frameworks",
				);
				PRODUCT_BUNDLE_IDENTIFIER = "com.jaclynstickrod.Coin-CounterUITests";
				PRODUCT_NAME = "$(TARGET_NAME)";
				SWIFT_VERSION = 5.0;
				TARGETED_DEVICE_FAMILY = "1,2";
				TEST_TARGET_NAME = "Coin Counter";
			};
			name = Debug;
		};
		0586857F2367C0CE002FBE26 /* Release */ = {
			isa = XCBuildConfiguration;
			buildSettings = {
				ALWAYS_EMBED_SWIFT_STANDARD_LIBRARIES = YES;
				CODE_SIGN_STYLE = Automatic;
				DEVELOPMENT_TEAM = 46TL5T8A7W;
				INFOPLIST_FILE = "Coin CounterUITests/Info.plist";
				LD_RUNPATH_SEARCH_PATHS = (
					"$(inherited)",
					"@executable_path/Frameworks",
					"@loader_path/Frameworks",
				);
				PRODUCT_BUNDLE_IDENTIFIER = "com.jaclynstickrod.Coin-CounterUITests";
				PRODUCT_NAME = "$(TARGET_NAME)";
				SWIFT_VERSION = 5.0;
				TARGETED_DEVICE_FAMILY = "1,2";
				TEST_TARGET_NAME = "Coin Counter";
			};
			name = Release;
		};
/* End XCBuildConfiguration section */

/* Begin XCConfigurationList section */
		058685482367C0CC002FBE26 /* Build configuration list for PBXProject "Coin Counter" */ = {
			isa = XCConfigurationList;
			buildConfigurations = (
				058685752367C0CE002FBE26 /* Debug */,
				058685762367C0CE002FBE26 /* Release */,
			);
			defaultConfigurationIsVisible = 0;
			defaultConfigurationName = Release;
		};
		058685772367C0CE002FBE26 /* Build configuration list for PBXNativeTarget "Coin Counter" */ = {
			isa = XCConfigurationList;
			buildConfigurations = (
				058685782367C0CE002FBE26 /* Debug */,
				058685792367C0CE002FBE26 /* Release */,
			);
			defaultConfigurationIsVisible = 0;
			defaultConfigurationName = Release;
		};
		0586857A2367C0CE002FBE26 /* Build configuration list for PBXNativeTarget "Coin CounterTests" */ = {
			isa = XCConfigurationList;
			buildConfigurations = (
				0586857B2367C0CE002FBE26 /* Debug */,
				0586857C2367C0CE002FBE26 /* Release */,
			);
			defaultConfigurationIsVisible = 0;
			defaultConfigurationName = Release;
		};
		0586857D2367C0CE002FBE26 /* Build configuration list for PBXNativeTarget "Coin CounterUITests" */ = {
			isa = XCConfigurationList;
			buildConfigurations = (
				0586857E2367C0CE002FBE26 /* Debug */,
				0586857F2367C0CE002FBE26 /* Release */,
			);
			defaultConfigurationIsVisible = 0;
			defaultConfigurationName = Release;
		};
/* End XCConfigurationList section */
	};
	rootObject = 058685452367C0CC002FBE26 /* Project object */;
}
